{
  "version": 4,
  "terraform_version": "1.6.4",
  "serial": 13,
  "lineage": "ba33d0a1-081a-5c1d-d2d1-ffbe35d2befc",
  "outputs": {},
  "resources": [
    {
      "mode": "data",
      "type": "archive_file",
      "name": "python_code",
      "provider": "provider[\"registry.terraform.io/hashicorp/archive\"]",
      "instances": [
        {
          "schema_version": 0,
          "attributes": {
            "exclude_symlink_directories": null,
            "excludes": null,
            "id": "5f2c0b39fb843ec90caa53bd64b8a16c90d9e238",
            "output_base64sha256": "6PlkGxodrXztbRpHZbEh/+PYxwND1wp1l3t8745O47A=",
            "output_base64sha512": "vPHVzcwZGW4MbtcuvvJYFepMJP+ob+2FXKH27Ja4Y9unYrjWnMNX4UUR7I8W48h32tI3sKvFI8gU5rN+bRLMeg==",
            "output_file_mode": null,
            "output_md5": "3170b851f2dd6597e0d344c1b31d7359",
            "output_path": "./cronjob-lambda/start_stop_lambda_function.zip",
            "output_sha": "5f2c0b39fb843ec90caa53bd64b8a16c90d9e238",
            "output_sha256": "e8f9641b1a1dad7ced6d1a4765b121ffe3d8c70343d70a75977b7cef8e4ee3b0",
            "output_sha512": "bcf1d5cdcc19196e0c6ed72ebef25815ea4c24ffa86fed855ca1f6ec96b863dba762b8d69cc357e14511ec8f16e3c877dad237b0abc523c814e6b37e6d12cc7a",
            "output_size": 179,
            "source": [],
            "source_content": null,
            "source_content_filename": null,
            "source_dir": "./cronjob-lambda/",
            "source_file": null,
            "type": "zip"
          },
          "sensitive_attributes": []
        }
      ]
    },
    {
      "mode": "managed",
      "type": "aws_cloudwatch_event_rule",
      "name": "cw-rule-start-ec2",
      "provider": "provider[\"registry.terraform.io/hashicorp/aws\"]",
      "instances": [
        {
          "schema_version": 1,
          "attributes": {
            "arn": "arn:aws:events:us-east-2:528736153640:rule/cw-rule-start-ec2",
            "description": "Trigger Lambda function to start EC2 instances",
            "event_bus_name": "default",
            "event_pattern": null,
            "id": "cw-rule-start-ec2",
            "is_enabled": true,
            "name": "cw-rule-start-ec2",
            "name_prefix": "",
            "role_arn": "",
            "schedule_expression": "cron(40 21 * * ? *)",
            "state": "ENABLED",
            "tags": {},
            "tags_all": {}
          },
          "sensitive_attributes": [],
          "private": "eyJzY2hlbWFfdmVyc2lvbiI6IjEifQ=="
        }
      ]
    },
    {
      "mode": "managed",
      "type": "aws_cloudwatch_event_rule",
      "name": "cw-rule-stop-ec2",
      "provider": "provider[\"registry.terraform.io/hashicorp/aws\"]",
      "instances": [
        {
          "schema_version": 1,
          "attributes": {
            "arn": "arn:aws:events:us-east-2:528736153640:rule/cw-rule-stop-ec2",
            "description": "Trigger Lambda function to stop EC2 instances",
            "event_bus_name": "default",
            "event_pattern": null,
            "id": "cw-rule-stop-ec2",
            "is_enabled": true,
            "name": "cw-rule-stop-ec2",
            "name_prefix": "",
            "role_arn": "",
            "schedule_expression": "cron(55 21 * * ? *)",
            "state": "ENABLED",
            "tags": {},
            "tags_all": {}
          },
          "sensitive_attributes": [],
          "private": "eyJzY2hlbWFfdmVyc2lvbiI6IjEifQ=="
        }
      ]
    },
    {
      "mode": "managed",
      "type": "aws_cloudwatch_event_rule",
      "name": "schedule_rule",
      "provider": "provider[\"registry.terraform.io/hashicorp/aws\"]",
      "instances": [
        {
          "schema_version": 1,
          "attributes": {
            "arn": "arn:aws:events:us-east-2:528736153640:rule/ec2-instance-nonprod-start-stop",
            "description": "Schedule rule to trigger Lambda at specific times",
            "event_bus_name": "default",
            "event_pattern": null,
            "id": "ec2-instance-nonprod-start-stop",
            "is_enabled": true,
            "name": "ec2-instance-nonprod-start-stop",
            "name_prefix": "",
            "role_arn": "",
            "schedule_expression": "cron(45 21 * * ? *)",
            "state": "ENABLED",
            "tags": {},
            "tags_all": {}
          },
          "sensitive_attributes": [],
          "private": "eyJzY2hlbWFfdmVyc2lvbiI6IjEifQ=="
        }
      ]
    },
    {
      "mode": "managed",
      "type": "aws_iam_policy",
      "name": "lambda_policy",
      "provider": "provider[\"registry.terraform.io/hashicorp/aws\"]",
      "instances": [
        {
          "schema_version": 0,
          "attributes": {
            "arn": "arn:aws:iam::528736153640:policy/ec2-instance-start-stop-lambda-policy",
            "description": "Policy for EC2 scheduling Lambda function",
            "id": "arn:aws:iam::528736153640:policy/ec2-instance-start-stop-lambda-policy",
            "name": "ec2-instance-start-stop-lambda-policy",
            "name_prefix": "",
            "path": "/",
            "policy": "{\"Statement\":[{\"Action\":[\"ec2:DescribeInstances\",\"ec2:DescribeTags\",\"ec2:Start*\",\"ec2:Stop*\"],\"Effect\":\"Allow\",\"Resource\":\"*\",\"Sid\":\"VisualEditor0\"},{\"Action\":[\"logs:CreateLogStream\",\"logs:CreateLogGroup\",\"logs:PutLogEvents\"],\"Effect\":\"Allow\",\"Resource\":\"arn:aws:logs:*:*:*\",\"Sid\":\"VisualEditor1\"}],\"Version\":\"2012-10-17\"}",
            "policy_id": "ANPAXWGZBOAUBUHZMU3RW",
            "tags": {},
            "tags_all": {}
          },
          "sensitive_attributes": [],
          "private": "bnVsbA=="
        }
      ]
    },
    {
      "mode": "managed",
      "type": "aws_iam_role",
      "name": "lambda_role",
      "provider": "provider[\"registry.terraform.io/hashicorp/aws\"]",
      "instances": [
        {
          "schema_version": 0,
          "attributes": {
            "arn": "arn:aws:iam::528736153640:role/ec2-instance-start-stop-lambda-role",
            "assume_role_policy": "{\"Statement\":[{\"Action\":\"sts:AssumeRole\",\"Effect\":\"Allow\",\"Principal\":{\"Service\":\"lambda.amazonaws.com\"}}],\"Version\":\"2012-10-17\"}",
            "create_date": "2023-12-04T02:45:18Z",
            "description": "",
            "force_detach_policies": false,
            "id": "ec2-instance-start-stop-lambda-role",
            "inline_policy": [],
            "managed_policy_arns": [
              "arn:aws:iam::528736153640:policy/ec2-instance-start-stop-lambda-policy"
            ],
            "max_session_duration": 3600,
            "name": "ec2-instance-start-stop-lambda-role",
            "name_prefix": "",
            "path": "/",
            "permissions_boundary": "",
            "tags": {},
            "tags_all": {},
            "unique_id": "AROAXWGZBOAUAEEVMQHIA"
          },
          "sensitive_attributes": [],
          "private": "bnVsbA=="
        }
      ]
    },
    {
      "mode": "managed",
      "type": "aws_iam_role_policy_attachment",
      "name": "lambda_policy_attachment",
      "provider": "provider[\"registry.terraform.io/hashicorp/aws\"]",
      "instances": [
        {
          "schema_version": 0,
          "attributes": {
            "id": "ec2-instance-start-stop-lambda-role-20231204024519121200000002",
            "policy_arn": "arn:aws:iam::528736153640:policy/ec2-instance-start-stop-lambda-policy",
            "role": "ec2-instance-start-stop-lambda-role"
          },
          "sensitive_attributes": [],
          "private": "bnVsbA==",
          "dependencies": [
            "aws_iam_policy.lambda_policy",
            "aws_iam_role.lambda_role"
          ]
        }
      ]
    },
    {
      "mode": "managed",
      "type": "aws_instance",
      "name": "tch_instance",
      "provider": "provider[\"registry.terraform.io/hashicorp/aws\"]",
      "instances": [
        {
          "schema_version": 1,
          "attributes": {
            "ami": "ami-06d4b7182ac3480fa",
            "arn": "arn:aws:ec2:us-east-2:528736153640:instance/i-015be23eaf60ee628",
            "associate_public_ip_address": true,
            "availability_zone": "us-east-2c",
            "capacity_reservation_specification": [
              {
                "capacity_reservation_preference": "open",
                "capacity_reservation_target": []
              }
            ],
            "cpu_core_count": 1,
            "cpu_options": [
              {
                "amd_sev_snp": "",
                "core_count": 1,
                "threads_per_core": 1
              }
            ],
            "cpu_threads_per_core": 1,
            "credit_specification": [
              {
                "cpu_credits": "standard"
              }
            ],
            "disable_api_stop": false,
            "disable_api_termination": false,
            "ebs_block_device": [],
            "ebs_optimized": false,
            "enclave_options": [
              {
                "enabled": false
              }
            ],
            "ephemeral_block_device": [],
            "get_password_data": false,
            "hibernation": false,
            "host_id": "",
            "host_resource_group_arn": null,
            "iam_instance_profile": "",
            "id": "i-015be23eaf60ee628",
            "instance_initiated_shutdown_behavior": "stop",
            "instance_lifecycle": "",
            "instance_market_options": [],
            "instance_state": "running",
            "instance_type": "t2.micro",
            "ipv6_address_count": 0,
            "ipv6_addresses": [],
            "key_name": "",
            "launch_template": [],
            "maintenance_options": [
              {
                "auto_recovery": "default"
              }
            ],
            "metadata_options": [
              {
                "http_endpoint": "enabled",
                "http_protocol_ipv6": "disabled",
                "http_put_response_hop_limit": 2,
                "http_tokens": "required",
                "instance_metadata_tags": "disabled"
              }
            ],
            "monitoring": false,
            "network_interface": [],
            "outpost_arn": "",
            "password_data": "",
            "placement_group": "",
            "placement_partition_number": 0,
            "primary_network_interface_id": "eni-09fde95844dda811a",
            "private_dns": "ip-172-31-33-78.us-east-2.compute.internal",
            "private_dns_name_options": [
              {
                "enable_resource_name_dns_a_record": false,
                "enable_resource_name_dns_aaaa_record": false,
                "hostname_type": "ip-name"
              }
            ],
            "private_ip": "172.31.33.78",
            "public_dns": "ec2-18-221-153-114.us-east-2.compute.amazonaws.com",
            "public_ip": "18.221.153.114",
            "root_block_device": [
              {
                "delete_on_termination": true,
                "device_name": "/dev/xvda",
                "encrypted": false,
                "iops": 3000,
                "kms_key_id": "",
                "tags": {},
                "throughput": 125,
                "volume_id": "vol-054f95bb9fa5b3fc1",
                "volume_size": 8,
                "volume_type": "gp3"
              }
            ],
            "secondary_private_ips": [],
            "security_groups": [
              "default"
            ],
            "source_dest_check": true,
            "spot_instance_request_id": "",
            "subnet_id": "subnet-0a2bb8e40419c508a",
            "tags": {},
            "tags_all": {},
            "tenancy": "default",
            "timeouts": null,
            "user_data": null,
            "user_data_base64": null,
            "user_data_replace_on_change": false,
            "volume_tags": null,
            "vpc_security_group_ids": [
              "sg-0435d6620070bfbec"
            ]
          },
          "sensitive_attributes": [],
          "private": "eyJlMmJmYjczMC1lY2FhLTExZTYtOGY4OC0zNDM2M2JjN2M0YzAiOnsiY3JlYXRlIjo2MDAwMDAwMDAwMDAsImRlbGV0ZSI6MTIwMDAwMDAwMDAwMCwidXBkYXRlIjo2MDAwMDAwMDAwMDB9LCJzY2hlbWFfdmVyc2lvbiI6IjEifQ=="
        }
      ]
    },
    {
      "mode": "managed",
      "type": "aws_key_pair",
      "name": "tf_ec2_key-pair",
      "provider": "provider[\"registry.terraform.io/hashicorp/aws\"]",
      "instances": [
        {
          "schema_version": 1,
          "attributes": {
            "arn": "arn:aws:ec2:us-east-2:528736153640:key-pair/tf_ec2-key",
            "fingerprint": "c3:62:ab:c3:8e:74:a1:80:20:f6:5f:c5:fc:d9:e6:b4",
            "id": "tf_ec2-key",
            "key_name": "tf_ec2-key",
            "key_name_prefix": "",
            "key_pair_id": "key-0b6e562bb459a5209",
            "key_type": "rsa",
            "public_key": "ssh-rsa AAAAB3NzaC1yc2EAAAADAQABAAABgQCISD+BixbcVT0q77oqNq9E8M4xAtCJTgiBK7X0MEPCW1eJdetJKx4VRUBCI1UUZkBODZw0bw3zTotGsL12izw0/SA74Au9WT3kL0SDucm0pX6QZOx984VyfrviuzAWJNDtWbd/Ue3MLEWaPHXbg2XEYbBp4tfXN4RDfVrpSJHxsg6niySrM9x33tpNCxNT0633xqvapUgO3b3BKKymE4H+mWLrKzGrAzvmB8IaTnFRwAantMwrYLv5QLp5K9VNN1tBWdhXkvL81v/5GPbqjFWrxWUKAIdBteSuo8MuK76EIHIF//coexdgm7NNlZsJfjZC2i2Od+V3fZD1uqovJf+3iCUT+4G0LwMP2EwztsTNJiYIE/g/k/n1KDd7KLp5J9+oej1Ln4ghY7tcRFBeRDmHSldcsct8xQxOqryatKSUKB8AVVxLSWeYg5lINrBQXmEz+sShA41uzMLNyOdSOHTqG932W3GJ9W/44JoFgLlJ1neX9ALJOXsL3L9JG2VukKs= ec2-user@ip-172-31-41-90.us-east-2.compute.internal",
            "tags": {},
            "tags_all": {}
          },
          "sensitive_attributes": [],
          "private": "eyJzY2hlbWFfdmVyc2lvbiI6IjEifQ=="
        }
      ]
    }
  ],
  "check_results": null
}
